
Microsoft Visual Studio Solution File, Format Version 12.00
# Visual Studio Version 16
VisualStudioVersion = 16.0.30804.86
MinimumVisualStudioVersion = 10.0.40219.1
Project("{FAE04EC0-301F-11D3-BF4B-00C04F79EFBC}") = "WpfAppKY", "WpfAppKY\WpfAppKY.csproj", "{767F9E1F-86D4-48EA-890F-6CFA829366F2}"
EndProject
Global
	GlobalSection(SolutionConfigurationPlatforms) = preSolution
		Debug|Any CPU = Debug|Any CPU
		Release|Any CPU = Release|Any CPU
	EndGlobalSection
	GlobalSection(ProjectConfigurationPlatforms) = postSolution
		{767F9E1F-86D4-48EA-890F-6CFA829366F2}.Debug|Any CPU.ActiveCfg = Debug|Any CPU
		{767F9E1F-86D4-48EA-890F-6CFA829366F2}.Debug|Any CPU.Build.0 = Debug|Any CPU
		{767F9E1F-86D4-48EA-890F-6CFA829366F2}.Release|Any CPU.ActiveCfg = Release|Any CPU
		{767F9E1F-86D4-48EA-890F-6CFA829366F2}.Release|Any CPU.Build.0 = Release|Any CPU
	EndGlobalSection
	GlobalSection(SolutionProperties) = preSolution
		HideSolutionNode = FALSE
	EndGlobalSection
	GlobalSection(ExtensibilityGlobals) = postSolution
		SolutionGuid = {5F0F3BB6-E6A0-4A93-A916-FDB6A4E35D9F}
	EndGlobalSection
EndGlobal
